
Microsoft Visual Studio Solution File, Format Version 12.00
# Visual Studio Version 17
VisualStudioVersion = 17.9.34902.65
MinimumVisualStudioVersion = 10.0.40219.1
Project("{FAE04EC0-301F-11D3-BF4B-00C04F79EFBC}") = "encapsulation", "encapsulation\encapsulation.csproj", "{2F329CC6-8491-4EA8-B69A-A1CE688B50C3}"
EndProject
Global
	GlobalSection(SolutionConfigurationPlatforms) = preSolution
		Debug|Any CPU = Debug|Any CPU
		Release|Any CPU = Release|Any CPU
	EndGlobalSection
	GlobalSection(ProjectConfigurationPlatforms) = postSolution
		{2F329CC6-8491-4EA8-B69A-A1CE688B50C3}.Debug|Any CPU.ActiveCfg = Debug|Any CPU
		{2F329CC6-8491-4EA8-B69A-A1CE688B50C3}.Debug|Any CPU.Build.0 = Debug|Any CPU
		{2F329CC6-8491-4EA8-B69A-A1CE688B50C3}.Release|Any CPU.ActiveCfg = Release|Any CPU
		{2F329CC6-8491-4EA8-B69A-A1CE688B50C3}.Release|Any CPU.Build.0 = Release|Any CPU
	EndGlobalSection
	GlobalSection(SolutionProperties) = preSolution
		HideSolutionNode = FALSE
	EndGlobalSection
	GlobalSection(ExtensibilityGlobals) = postSolution
		SolutionGuid = {FA9F921A-3381-47DE-8E30-4DD6FE9A48DE}
	EndGlobalSection
EndGlobal
